
Microsoft Visual Studio Solution File, Format Version 12.00
# Visual Studio 15
VisualStudioVersion = 15.0.28307.106
MinimumVisualStudioVersion = 10.0.40219.1
Project("{FAE04EC0-301F-11D3-BF4B-00C04F79EFBC}") = "SWApi", "SWApi\SWApi.csproj", "{879DCB57-DEA2-42B7-A34E-2AB995C9E151}"
EndProject
Global
	GlobalSection(SolutionConfigurationPlatforms) = preSolution
		Debug|Any CPU = Debug|Any CPU
		Release|Any CPU = Release|Any CPU
	EndGlobalSection
	GlobalSection(ProjectConfigurationPlatforms) = postSolution
		{879DCB57-DEA2-42B7-A34E-2AB995C9E151}.Debug|Any CPU.ActiveCfg = Debug|Any CPU
		{879DCB57-DEA2-42B7-A34E-2AB995C9E151}.Debug|Any CPU.Build.0 = Debug|Any CPU
		{879DCB57-DEA2-42B7-A34E-2AB995C9E151}.Release|Any CPU.ActiveCfg = Release|Any CPU
		{879DCB57-DEA2-42B7-A34E-2AB995C9E151}.Release|Any CPU.Build.0 = Release|Any CPU
	EndGlobalSection
	GlobalSection(SolutionProperties) = preSolution
		HideSolutionNode = FALSE
	EndGlobalSection
	GlobalSection(ExtensibilityGlobals) = postSolution
		SolutionGuid = {274D3BA7-C94B-4313-9DA0-ED2919DB597C}
	EndGlobalSection
EndGlobal
